dependencies:
- name: postgresql
  repository: https://charts.bitnami.com/bitnami
  version: 12.8.2
- name: seaweedfs
  repository: https://seaweedfs.github.io/seaweedfs/helm
  version: "3.55"
digest: sha256:7f604ecddc76737f5eb17b88b8660f0900e40d4630fd3cafbf2ba8009979915e
generated: "2023-08-11T17:49:04.571247702+02:00"
