dependencies:
- name: postgresql
  repository: https://charts.bitnami.com/bitnami
  version: 12.12.10
- name: redis
  repository: https://charts.truecharts.org
  version: 11.2.0
- name: seaweedfs
  repository: https://seaweedfs.github.io/seaweedfs/helm
  version: 3.62.0
digest: sha256:424952791920c38b9323db64c6ee33c41db47b3d5c6b32a6de2af469276de957
generated: "2024-02-19T18:02:28.251358467Z"
